
Microsoft Visual Studio Solution File, Format Version 12.00
# Visual Studio 15
VisualStudioVersion = 15.0.27428.2037
MinimumVisualStudioVersion = 10.0.40219.1
Project("{9A19103F-16F7-4668-BE54-9A1E7A4F7556}") = "SB.IdentityServer", "SB.IdentityServer\SB.IdentityServer.csproj", "{AA96E077-5D03-4FF8-B5AA-69A8951AC8F6}"
EndProject
Project("{9A19103F-16F7-4668-BE54-9A1E7A4F7556}") = "SB.IdentityNPocoStores", "SB.IdentityNPocoStores\SB.IdentityNPocoStores.csproj", "{6DDD6862-5508-497F-8D08-68F7B388F7E9}"
EndProject
Project("{FAE04EC0-301F-11D3-BF4B-00C04F79EFBC}") = "CrmApi", "..\CRM2\CrmApi\CrmApi.csproj", "{66BAF871-25BB-4F6D-9B82-67DD367A86E5}"
EndProject
Global
	GlobalSection(SolutionConfigurationPlatforms) = preSolution
		Debug|Any CPU = Debug|Any CPU
		Release|Any CPU = Release|Any CPU
	EndGlobalSection
	GlobalSection(ProjectConfigurationPlatforms) = postSolution
		{AA96E077-5D03-4FF8-B5AA-69A8951AC8F6}.Debug|Any CPU.ActiveCfg = Debug|Any CPU
		{AA96E077-5D03-4FF8-B5AA-69A8951AC8F6}.Debug|Any CPU.Build.0 = Debug|Any CPU
		{AA96E077-5D03-4FF8-B5AA-69A8951AC8F6}.Release|Any CPU.ActiveCfg = Release|Any CPU
		{AA96E077-5D03-4FF8-B5AA-69A8951AC8F6}.Release|Any CPU.Build.0 = Release|Any CPU
		{6DDD6862-5508-497F-8D08-68F7B388F7E9}.Debug|Any CPU.ActiveCfg = Debug|Any CPU
		{6DDD6862-5508-497F-8D08-68F7B388F7E9}.Debug|Any CPU.Build.0 = Debug|Any CPU
		{6DDD6862-5508-497F-8D08-68F7B388F7E9}.Release|Any CPU.ActiveCfg = Release|Any CPU
		{6DDD6862-5508-497F-8D08-68F7B388F7E9}.Release|Any CPU.Build.0 = Release|Any CPU
		{66BAF871-25BB-4F6D-9B82-67DD367A86E5}.Debug|Any CPU.ActiveCfg = Debug|Any CPU
		{66BAF871-25BB-4F6D-9B82-67DD367A86E5}.Debug|Any CPU.Build.0 = Debug|Any CPU
		{66BAF871-25BB-4F6D-9B82-67DD367A86E5}.Release|Any CPU.ActiveCfg = Release|Any CPU
		{66BAF871-25BB-4F6D-9B82-67DD367A86E5}.Release|Any CPU.Build.0 = Release|Any CPU
	EndGlobalSection
	GlobalSection(SolutionProperties) = preSolution
		HideSolutionNode = FALSE
	EndGlobalSection
	GlobalSection(ExtensibilityGlobals) = postSolution
		SolutionGuid = {D024A14E-7EF7-4531-8A2F-FAD076199BAE}
	EndGlobalSection
EndGlobal
